// !$*UTF8*$!
{
	archiveVersion = 1;
	classes = {
	};
	objectVersion = 46;
	objects = {

/* Begin PBXBuildFile section */
		167864D51A18074F003CC656 /* Braintree.framework in Frameworks */ = {isa = PBXBuildFile; fileRef = 1687F3EF1A16814E0014AAC7 /* Braintree.framework */; };
		167864D91A180771003CC656 /* Braintree.framework in Embed Frameworks */ = {isa = PBXBuildFile; fileRef = 16D81C111A171A8E00E47410 /* Braintree.framework */; settings = {ATTRIBUTES = (CodeSignOnCopy, RemoveHeadersOnCopy, ); }; };
		1687F40C1A16819C0014AAC7 /* Braintree.swift in Sources */ = {isa = PBXBuildFile; fileRef = 1687F40B1A16819C0014AAC7 /* Braintree.swift */; };
		16A1A8AF1A1699B00051FABA /* AppDelegateIOS.swift in Sources */ = {isa = PBXBuildFile; fileRef = 16A1A8AE1A1699B00051FABA /* AppDelegateIOS.swift */; };
		16A1A8B11A1699B00051FABA /* ViewControllerIOS.swift in Sources */ = {isa = PBXBuildFile; fileRef = 16A1A8B01A1699B00051FABA /* ViewControllerIOS.swift */; };
		16A1A8B41A1699B00051FABA /* Main.storyboard in Resources */ = {isa = PBXBuildFile; fileRef = 16A1A8B21A1699B00051FABA /* Main.storyboard */; };
		16A1A8B61A1699B00051FABA /* Images.xcassets in Resources */ = {isa = PBXBuildFile; fileRef = 16A1A8B51A1699B00051FABA /* Images.xcassets */; };
		16A1A8B91A1699B00051FABA /* LaunchScreen.xib in Resources */ = {isa = PBXBuildFile; fileRef = 16A1A8B71A1699B00051FABA /* LaunchScreen.xib */; };
		16D81BEE1A1718F700E47410 /* AppDelegateOSX.swift in Sources */ = {isa = PBXBuildFile; fileRef = 16D81BED1A1718F700E47410 /* AppDelegateOSX.swift */; };
		16D81BF01A1718F700E47410 /* ViewControllerOSX.swift in Sources */ = {isa = PBXBuildFile; fileRef = 16D81BEF1A1718F700E47410 /* ViewControllerOSX.swift */; };
		16D81BF21A1718F700E47410 /* Images.xcassets in Resources */ = {isa = PBXBuildFile; fileRef = 16D81BF11A1718F700E47410 /* Images.xcassets */; };
		16D81BF51A1718F700E47410 /* Main.storyboard in Resources */ = {isa = PBXBuildFile; fileRef = 16D81BF31A1718F700E47410 /* Main.storyboard */; };
		16D81C291A171A8F00E47410 /* Braintree.framework in Embed Frameworks */ = {isa = PBXBuildFile; fileRef = 16D81C111A171A8E00E47410 /* Braintree.framework */; settings = {ATTRIBUTES = (CodeSignOnCopy, RemoveHeadersOnCopy, ); }; };
		16D81C311A171AD200E47410 /* Braintree.swift in Sources */ = {isa = PBXBuildFile; fileRef = 1687F40B1A16819C0014AAC7 /* Braintree.swift */; };
/* End PBXBuildFile section */

/* Begin PBXContainerItemProxy section */
		167864D61A180756003CC656 /* PBXContainerItemProxy */ = {
			isa = PBXContainerItemProxy;
			containerPortal = 1687F3E61A16814E0014AAC7 /* Project object */;
			proxyType = 1;
			remoteGlobalIDString = 1687F3EE1A16814E0014AAC7;
			remoteInfo = "Braintree-Swift";
		};
		16D81C321A171B3500E47410 /* PBXContainerItemProxy */ = {
			isa = PBXContainerItemProxy;
			containerPortal = 1687F3E61A16814E0014AAC7 /* Project object */;
			proxyType = 1;
			remoteGlobalIDString = 16D81C101A171A8E00E47410;
			remoteInfo = "Braintre-Swift-OSX";
		};
/* End PBXContainerItemProxy section */

/* Begin PBXCopyFilesBuildPhase section */
		167864DC1A180771003CC656 /* Embed Frameworks */ = {
			isa = PBXCopyFilesBuildPhase;
			buildActionMask = 2147483647;
			dstPath = "";
			dstSubfolderSpec = 10;
			files = (
				167864D91A180771003CC656 /* Braintree.framework in Embed Frameworks */,
			);
			name = "Embed Frameworks";
			runOnlyForDeploymentPostprocessing = 0;
		};
		16D81C2D1A171A8F00E47410 /* Embed Frameworks */ = {
			isa = PBXCopyFilesBuildPhase;
			buildActionMask = 2147483647;
			dstPath = "";
			dstSubfolderSpec = 10;
			files = (
				16D81C291A171A8F00E47410 /* Braintree.framework in Embed Frameworks */,
			);
			name = "Embed Frameworks";
			runOnlyForDeploymentPostprocessing = 0;
		};
/* End PBXCopyFilesBuildPhase section */

/* Begin PBXFileReference section */
		167864D41A1800CC003CC656 /* Braintree-Example-iOS.entitlements */ = {isa = PBXFileReference; lastKnownFileType = text.xml; name = "Braintree-Example-iOS.entitlements"; path = "../Braintree-Example-iOS.entitlements"; sourceTree = "<group>"; };
		1687F3EF1A16814E0014AAC7 /* Braintree.framework */ = {isa = PBXFileReference; explicitFileType = wrapper.framework; includeInIndex = 0; path = Braintree.framework; sourceTree = BUILT_PRODUCTS_DIR; };
		1687F3F31A16814E0014AAC7 /* Info.plist */ = {isa = PBXFileReference; lastKnownFileType = text.plist.xml; path = Info.plist; sourceTree = "<group>"; };
		1687F40B1A16819C0014AAC7 /* Braintree.swift */ = {isa = PBXFileReference; fileEncoding = 4; lastKnownFileType = sourcecode.swift; path = Braintree.swift; sourceTree = "<group>"; };
		1687F40D1A1683130014AAC7 /* BraintreeUsage.playground */ = {isa = PBXFileReference; lastKnownFileType = file.playground; path = BraintreeUsage.playground; sourceTree = SOURCE_ROOT; };
		16A1A8AA1A1699B00051FABA /* Braintree-Example-iOS.app */ = {isa = PBXFileReference; explicitFileType = wrapper.application; includeInIndex = 0; path = "Braintree-Example-iOS.app"; sourceTree = BUILT_PRODUCTS_DIR; };
		16A1A8AD1A1699B00051FABA /* Info.plist */ = {isa = PBXFileReference; lastKnownFileType = text.plist.xml; path = Info.plist; sourceTree = "<group>"; };
		16A1A8AE1A1699B00051FABA /* AppDelegateIOS.swift */ = {isa = PBXFileReference; lastKnownFileType = sourcecode.swift; path = AppDelegateIOS.swift; sourceTree = "<group>"; };
		16A1A8B01A1699B00051FABA /* ViewControllerIOS.swift */ = {isa = PBXFileReference; lastKnownFileType = sourcecode.swift; path = ViewControllerIOS.swift; sourceTree = "<group>"; };
		16A1A8B31A1699B00051FABA /* Base */ = {isa = PBXFileReference; lastKnownFileType = file.storyboard; name = Base; path = Base.lproj/Main.storyboard; sourceTree = "<group>"; };
		16A1A8B51A1699B00051FABA /* Images.xcassets */ = {isa = PBXFileReference; lastKnownFileType = folder.assetcatalog; path = Images.xcassets; sourceTree = "<group>"; };
		16A1A8B81A1699B00051FABA /* Base */ = {isa = PBXFileReference; lastKnownFileType = file.xib; name = Base; path = Base.lproj/LaunchScreen.xib; sourceTree = "<group>"; };
		16B8C4551A1722090009D0A4 /* Braintree-Example-OSX.entitlements */ = {isa = PBXFileReference; lastKnownFileType = text.xml; name = "Braintree-Example-OSX.entitlements"; path = "../Braintree-Example-OSX.entitlements"; sourceTree = "<group>"; };
		16D81BE11A17119100E47410 /* README.md */ = {isa = PBXFileReference; fileEncoding = 4; lastKnownFileType = net.daringfireball.markdown; path = README.md; sourceTree = "<group>"; };
		16D81BE91A1718F700E47410 /* Braintree-Example-OSX.app */ = {isa = PBXFileReference; explicitFileType = wrapper.application; includeInIndex = 0; path = "Braintree-Example-OSX.app"; sourceTree = BUILT_PRODUCTS_DIR; };
		16D81BEC1A1718F700E47410 /* Info.plist */ = {isa = PBXFileReference; lastKnownFileType = text.plist.xml; path = Info.plist; sourceTree = "<group>"; };
		16D81BED1A1718F700E47410 /* AppDelegateOSX.swift */ = {isa = PBXFileReference; lastKnownFileType = sourcecode.swift; path = AppDelegateOSX.swift; sourceTree = "<group>"; };
		16D81BEF1A1718F700E47410 /* ViewControllerOSX.swift */ = {isa = PBXFileReference; lastKnownFileType = sourcecode.swift; path = ViewControllerOSX.swift; sourceTree = "<group>"; };
		16D81BF11A1718F700E47410 /* Images.xcassets */ = {isa = PBXFileReference; lastKnownFileType = folder.assetcatalog; path = Images.xcassets; sourceTree = "<group>"; };
		16D81BF41A1718F700E47410 /* Base */ = {isa = PBXFileReference; lastKnownFileType = file.storyboard; name = Base; path = Base.lproj/Main.storyboard; sourceTree = "<group>"; };
		16D81C111A171A8E00E47410 /* Braintree.framework */ = {isa = PBXFileReference; explicitFileType = wrapper.framework; includeInIndex = 0; path = Braintree.framework; sourceTree = BUILT_PRODUCTS_DIR; };
/* End PBXFileReference section */

/* Begin PBXFrameworksBuildPhase section */
		1687F3EB1A16814E0014AAC7 /* Frameworks */ = {
			isa = PBXFrameworksBuildPhase;
			buildActionMask = 2147483647;
			files = (
			);
			runOnlyForDeploymentPostprocessing = 0;
		};
		16A1A8A71A1699B00051FABA /* Frameworks */ = {
			isa = PBXFrameworksBuildPhase;
			buildActionMask = 2147483647;
			files = (
				167864D51A18074F003CC656 /* Braintree.framework in Frameworks */,
			);
			runOnlyForDeploymentPostprocessing = 0;
		};
		16D81BE61A1718F700E47410 /* Frameworks */ = {
			isa = PBXFrameworksBuildPhase;
			buildActionMask = 2147483647;
			files = (
			);
			runOnlyForDeploymentPostprocessing = 0;
		};
		16D81C0D1A171A8E00E47410 /* Frameworks */ = {
			isa = PBXFrameworksBuildPhase;
			buildActionMask = 2147483647;
			files = (
			);
			runOnlyForDeploymentPostprocessing = 0;
		};
/* End PBXFrameworksBuildPhase section */

/* Begin PBXGroup section */
		1687F3E51A16814E0014AAC7 = {
			isa = PBXGroup;
			children = (
				16D81BE11A17119100E47410 /* README.md */,
				1687F40B1A16819C0014AAC7 /* Braintree.swift */,
				1687F40D1A1683130014AAC7 /* BraintreeUsage.playground */,
				16A1A8AB1A1699B00051FABA /* Example-iOS */,
				16D81BEA1A1718F700E47410 /* Example-OSX */,
				1687F3F21A16814E0014AAC7 /* Supporting Files */,
				1687F3F01A16814E0014AAC7 /* Products */,
			);
			sourceTree = "<group>";
		};
		1687F3F01A16814E0014AAC7 /* Products */ = {
			isa = PBXGroup;
			children = (
				1687F3EF1A16814E0014AAC7 /* Braintree.framework */,
				16A1A8AA1A1699B00051FABA /* Braintree-Example-iOS.app */,
				16D81BE91A1718F700E47410 /* Braintree-Example-OSX.app */,
				16D81C111A171A8E00E47410 /* Braintree.framework */,
			);
			name = Products;
			sourceTree = "<group>";
		};
		1687F3F21A16814E0014AAC7 /* Supporting Files */ = {
			isa = PBXGroup;
			children = (
				1687F3F31A16814E0014AAC7 /* Info.plist */,
			);
			name = "Supporting Files";
			path = .;
			sourceTree = "<group>";
		};
		16A1A8AB1A1699B00051FABA /* Example-iOS */ = {
			isa = PBXGroup;
			children = (
				16A1A8AE1A1699B00051FABA /* AppDelegateIOS.swift */,
				16A1A8B01A1699B00051FABA /* ViewControllerIOS.swift */,
				16A1A8B51A1699B00051FABA /* Images.xcassets */,
				16A1A8B71A1699B00051FABA /* LaunchScreen.xib */,
				16A1A8B21A1699B00051FABA /* Main.storyboard */,
				16A1A8AC1A1699B00051FABA /* Supporting Files */,
			);
			path = "Example-iOS";
			sourceTree = "<group>";
		};
		16A1A8AC1A1699B00051FABA /* Supporting Files */ = {
			isa = PBXGroup;
			children = (
				167864D41A1800CC003CC656 /* Braintree-Example-iOS.entitlements */,
				16A1A8AD1A1699B00051FABA /* Info.plist */,
			);
			name = "Supporting Files";
			sourceTree = "<group>";
		};
		16D81BEA1A1718F700E47410 /* Example-OSX */ = {
			isa = PBXGroup;
			children = (
				16D81BED1A1718F700E47410 /* AppDelegateOSX.swift */,
				16D81BEF1A1718F700E47410 /* ViewControllerOSX.swift */,
				16D81BF11A1718F700E47410 /* Images.xcassets */,
				16D81BF31A1718F700E47410 /* Main.storyboard */,
				16D81BEB1A1718F700E47410 /* Supporting Files */,
			);
			path = "Example-OSX";
			sourceTree = "<group>";
		};
		16D81BEB1A1718F700E47410 /* Supporting Files */ = {
			isa = PBXGroup;
			children = (
				16B8C4551A1722090009D0A4 /* Braintree-Example-OSX.entitlements */,
				16D81BEC1A1718F700E47410 /* Info.plist */,
			);
			name = "Supporting Files";
			sourceTree = "<group>";
		};
/* End PBXGroup section */

/* Begin PBXHeadersBuildPhase section */
		1687F3EC1A16814E0014AAC7 /* Headers */ = {
			isa = PBXHeadersBuildPhase;
			buildActionMask = 2147483647;
			files = (
			);
			runOnlyForDeploymentPostprocessing = 0;
		};
		16D81C0E1A171A8E00E47410 /* Headers */ = {
			isa = PBXHeadersBuildPhase;
			buildActionMask = 2147483647;
			files = (
			);
			runOnlyForDeploymentPostprocessing = 0;
		};
/* End PBXHeadersBuildPhase section */

/* Begin PBXNativeTarget section */
		1687F3EE1A16814E0014AAC7 /* Braintree-Swift */ = {
			isa = PBXNativeTarget;
			buildConfigurationList = 1687F4051A16814E0014AAC7 /* Build configuration list for PBXNativeTarget "Braintree-Swift" */;
			buildPhases = (
				1687F3EA1A16814E0014AAC7 /* Sources */,
				1687F3EB1A16814E0014AAC7 /* Frameworks */,
				1687F3EC1A16814E0014AAC7 /* Headers */,
				1687F3ED1A16814E0014AAC7 /* Resources */,
			);
			buildRules = (
			);
			dependencies = (
			);
			name = "Braintree-Swift";
			productName = "braintree-swift";
			productReference = 1687F3EF1A16814E0014AAC7 /* Braintree.framework */;
			productType = "com.apple.product-type.framework";
		};
		16A1A8A91A1699B00051FABA /* Braintree-Example-iOS */ = {
			isa = PBXNativeTarget;
			buildConfigurationList = 16A1A8CA1A1699B10051FABA /* Build configuration list for PBXNativeTarget "Braintree-Example-iOS" */;
			buildPhases = (
				16A1A8A61A1699B00051FABA /* Sources */,
				16A1A8A71A1699B00051FABA /* Frameworks */,
				16A1A8A81A1699B00051FABA /* Resources */,
				167864DC1A180771003CC656 /* Embed Frameworks */,
			);
			buildRules = (
			);
			dependencies = (
				167864D71A180756003CC656 /* PBXTargetDependency */,
			);
			name = "Braintree-Example-iOS";
			productName = BraintreeExample;
			productReference = 16A1A8AA1A1699B00051FABA /* Braintree-Example-iOS.app */;
			productType = "com.apple.product-type.application";
		};
		16D81BE81A1718F700E47410 /* Braintree-Example-OSX */ = {
			isa = PBXNativeTarget;
			buildConfigurationList = 16D81C021A1718F700E47410 /* Build configuration list for PBXNativeTarget "Braintree-Example-OSX" */;
			buildPhases = (
				16D81BE51A1718F700E47410 /* Sources */,
				16D81BE61A1718F700E47410 /* Frameworks */,
				16D81BE71A1718F700E47410 /* Resources */,
				16D81C2D1A171A8F00E47410 /* Embed Frameworks */,
			);
			buildRules = (
			);
			dependencies = (
				16D81C331A171B3500E47410 /* PBXTargetDependency */,
			);
			name = "Braintree-Example-OSX";
			productName = "Example-OSX";
			productReference = 16D81BE91A1718F700E47410 /* Braintree-Example-OSX.app */;
			productType = "com.apple.product-type.application";
		};
		16D81C101A171A8E00E47410 /* Braintre-Swift-OSX */ = {
			isa = PBXNativeTarget;
			buildConfigurationList = 16D81C2A1A171A8F00E47410 /* Build configuration list for PBXNativeTarget "Braintre-Swift-OSX" */;
			buildPhases = (
				16D81C0C1A171A8E00E47410 /* Sources */,
				16D81C0D1A171A8E00E47410 /* Frameworks */,
				16D81C0E1A171A8E00E47410 /* Headers */,
				16D81C0F1A171A8E00E47410 /* Resources */,
			);
			buildRules = (
			);
			dependencies = (
			);
			name = "Braintre-Swift-OSX";
			productName = "Braintre-Swift-OSX";
			productReference = 16D81C111A171A8E00E47410 /* Braintree.framework */;
			productType = "com.apple.product-type.framework";
		};
/* End PBXNativeTarget section */

/* Begin PBXProject section */
		1687F3E61A16814E0014AAC7 /* Project object */ = {
			isa = PBXProject;
			attributes = {
				LastUpgradeCheck = 0610;
				ORGANIZATIONNAME = Braintree;
				TargetAttributes = {
					1687F3EE1A16814E0014AAC7 = {
						CreatedOnToolsVersion = 6.1;
						DevelopmentTeam = 43253H4X22;
					};
					16A1A8A91A1699B00051FABA = {
						CreatedOnToolsVersion = 6.1;
						DevelopmentTeam = 43253H4X22;
						SystemCapabilities = {
							com.apple.OMC = {
								enabled = 1;
							};
						};
					};
					16D81BE81A1718F700E47410 = {
						CreatedOnToolsVersion = 6.1;
						SystemCapabilities = {
							com.apple.Sandbox = {
								enabled = 1;
							};
						};
					};
					16D81C101A171A8E00E47410 = {
						CreatedOnToolsVersion = 6.1;
						DevelopmentTeam = 43253H4X22;
					};
				};
			};
			buildConfigurationList = 1687F3E91A16814E0014AAC7 /* Build configuration list for PBXProject "Braintree-Swift" */;
			compatibilityVersion = "Xcode 3.2";
			developmentRegion = English;
			hasScannedForEncodings = 0;
			knownRegions = (
				en,
				Base,
			);
			mainGroup = 1687F3E51A16814E0014AAC7;
			productRefGroup = 1687F3F01A16814E0014AAC7 /* Products */;
			projectDirPath = "";
			projectRoot = "";
			targets = (
				1687F3EE1A16814E0014AAC7 /* Braintree-Swift */,
				16D81C101A171A8E00E47410 /* Braintre-Swift-OSX */,
				16A1A8A91A1699B00051FABA /* Braintree-Example-iOS */,
				16D81BE81A1718F700E47410 /* Braintree-Example-OSX */,
			);
		};
/* End PBXProject section */

/* Begin PBXResourcesBuildPhase section */
		1687F3ED1A16814E0014AAC7 /* Resources */ = {
			isa = PBXResourcesBuildPhase;
			buildActionMask = 2147483647;
			files = (
			);
			runOnlyForDeploymentPostprocessing = 0;
		};
		16A1A8A81A1699B00051FABA /* Resources */ = {
			isa = PBXResourcesBuildPhase;
			buildActionMask = 2147483647;
			files = (
				16A1A8B41A1699B00051FABA /* Main.storyboard in Resources */,
				16A1A8B91A1699B00051FABA /* LaunchScreen.xib in Resources */,
				16A1A8B61A1699B00051FABA /* Images.xcassets in Resources */,
			);
			runOnlyForDeploymentPostprocessing = 0;
		};
		16D81BE71A1718F700E47410 /* Resources */ = {
			isa = PBXResourcesBuildPhase;
			buildActionMask = 2147483647;
			files = (
				16D81BF21A1718F700E47410 /* Images.xcassets in Resources */,
				16D81BF51A1718F700E47410 /* Main.storyboard in Resources */,
			);
			runOnlyForDeploymentPostprocessing = 0;
		};
		16D81C0F1A171A8E00E47410 /* Resources */ = {
			isa = PBXResourcesBuildPhase;
			buildActionMask = 2147483647;
			files = (
			);
			runOnlyForDeploymentPostprocessing = 0;
		};
/* End PBXResourcesBuildPhase section */

/* Begin PBXSourcesBuildPhase section */
		1687F3EA1A16814E0014AAC7 /* Sources */ = {
			isa = PBXSourcesBuildPhase;
			buildActionMask = 2147483647;
			files = (
				1687F40C1A16819C0014AAC7 /* Braintree.swift in Sources */,
			);
			runOnlyForDeploymentPostprocessing = 0;
		};
		16A1A8A61A1699B00051FABA /* Sources */ = {
			isa = PBXSourcesBuildPhase;
			buildActionMask = 2147483647;
			files = (
				16A1A8B11A1699B00051FABA /* ViewControllerIOS.swift in Sources */,
				16A1A8AF1A1699B00051FABA /* AppDelegateIOS.swift in Sources */,
			);
			runOnlyForDeploymentPostprocessing = 0;
		};
		16D81BE51A1718F700E47410 /* Sources */ = {
			isa = PBXSourcesBuildPhase;
			buildActionMask = 2147483647;
			files = (
				16D81BF01A1718F700E47410 /* ViewControllerOSX.swift in Sources */,
				16D81BEE1A1718F700E47410 /* AppDelegateOSX.swift in Sources */,
			);
			runOnlyForDeploymentPostprocessing = 0;
		};
		16D81C0C1A171A8E00E47410 /* Sources */ = {
			isa = PBXSourcesBuildPhase;
			buildActionMask = 2147483647;
			files = (
				16D81C311A171AD200E47410 /* Braintree.swift in Sources */,
			);
			runOnlyForDeploymentPostprocessing = 0;
		};
/* End PBXSourcesBuildPhase section */

/* Begin PBXTargetDependency section */
		167864D71A180756003CC656 /* PBXTargetDependency */ = {
			isa = PBXTargetDependency;
			target = 1687F3EE1A16814E0014AAC7 /* Braintree-Swift */;
			targetProxy = 167864D61A180756003CC656 /* PBXContainerItemProxy */;
		};
		16D81C331A171B3500E47410 /* PBXTargetDependency */ = {
			isa = PBXTargetDependency;
			target = 16D81C101A171A8E00E47410 /* Braintre-Swift-OSX */;
			targetProxy = 16D81C321A171B3500E47410 /* PBXContainerItemProxy */;
		};
/* End PBXTargetDependency section */

/* Begin PBXVariantGroup section */
		16A1A8B21A1699B00051FABA /* Main.storyboard */ = {
			isa = PBXVariantGroup;
			children = (
				16A1A8B31A1699B00051FABA /* Base */,
			);
			name = Main.storyboard;
			sourceTree = "<group>";
		};
		16A1A8B71A1699B00051FABA /* LaunchScreen.xib */ = {
			isa = PBXVariantGroup;
			children = (
				16A1A8B81A1699B00051FABA /* Base */,
			);
			name = LaunchScreen.xib;
			sourceTree = "<group>";
		};
		16D81BF31A1718F700E47410 /* Main.storyboard */ = {
			isa = PBXVariantGroup;
			children = (
				16D81BF41A1718F700E47410 /* Base */,
			);
			name = Main.storyboard;
			sourceTree = "<group>";
		};
/* End PBXVariantGroup section */

/* Begin XCBuildConfiguration section */
		1687F4031A16814E0014AAC7 /* Debug */ = {
			isa = XCBuildConfiguration;
			buildSettings = {
				ALWAYS_SEARCH_USER_PATHS = NO;
				CLANG_CXX_LANGUAGE_STANDARD = "gnu++0x";
				CLANG_CXX_LIBRARY = "libc++";
				CLANG_ENABLE_MODULES = YES;
				CLANG_ENABLE_OBJC_ARC = YES;
				CLANG_WARN_BOOL_CONVERSION = YES;
				CLANG_WARN_CONSTANT_CONVERSION = YES;
				CLANG_WARN_DIRECT_OBJC_ISA_USAGE = YES_ERROR;
				CLANG_WARN_EMPTY_BODY = YES;
				CLANG_WARN_ENUM_CONVERSION = YES;
				CLANG_WARN_INT_CONVERSION = YES;
				CLANG_WARN_OBJC_ROOT_CLASS = YES_ERROR;
				CLANG_WARN_UNREACHABLE_CODE = YES;
				CLANG_WARN__DUPLICATE_METHOD_MATCH = YES;
				"CODE_SIGN_IDENTITY[sdk=iphoneos*]" = "iPhone Developer";
				COPY_PHASE_STRIP = NO;
				CURRENT_PROJECT_VERSION = 1;
				ENABLE_STRICT_OBJC_MSGSEND = YES;
				GCC_C_LANGUAGE_STANDARD = gnu99;
				GCC_DYNAMIC_NO_PIC = NO;
				GCC_OPTIMIZATION_LEVEL = 0;
				GCC_PREPROCESSOR_DEFINITIONS = (
					"DEBUG=1",
					"$(inherited)",
				);
				GCC_SYMBOLS_PRIVATE_EXTERN = NO;
				GCC_WARN_64_TO_32_BIT_CONVERSION = YES;
				GCC_WARN_ABOUT_RETURN_TYPE = YES_ERROR;
				GCC_WARN_UNDECLARED_SELECTOR = YES;
				GCC_WARN_UNINITIALIZED_AUTOS = YES_AGGRESSIVE;
				GCC_WARN_UNUSED_FUNCTION = YES;
				GCC_WARN_UNUSED_VARIABLE = YES;
				IPHONEOS_DEPLOYMENT_TARGET = 8.1;
				MTL_ENABLE_DEBUG_INFO = YES;
				ONLY_ACTIVE_ARCH = YES;
				SDKROOT = iphoneos;
				SWIFT_OPTIMIZATION_LEVEL = "-Onone";
				TARGETED_DEVICE_FAMILY = "1,2";
				VERSIONING_SYSTEM = "apple-generic";
				VERSION_INFO_PREFIX = "";
			};
			name = Debug;
		};
		1687F4041A16814E0014AAC7 /* Release */ = {
			isa = XCBuildConfiguration;
			buildSettings = {
				ALWAYS_SEARCH_USER_PATHS = NO;
				CLANG_CXX_LANGUAGE_STANDARD = "gnu++0x";
				CLANG_CXX_LIBRARY = "libc++";
				CLANG_ENABLE_MODULES = YES;
				CLANG_ENABLE_OBJC_ARC = YES;
				CLANG_WARN_BOOL_CONVERSION = YES;
				CLANG_WARN_CONSTANT_CONVERSION = YES;
				CLANG_WARN_DIRECT_OBJC_ISA_USAGE = YES_ERROR;
				CLANG_WARN_EMPTY_BODY = YES;
				CLANG_WARN_ENUM_CONVERSION = YES;
				CLANG_WARN_INT_CONVERSION = YES;
				CLANG_WARN_OBJC_ROOT_CLASS = YES_ERROR;
				CLANG_WARN_UNREACHABLE_CODE = YES;
				CLANG_WARN__DUPLICATE_METHOD_MATCH = YES;
				"CODE_SIGN_IDENTITY[sdk=iphoneos*]" = "iPhone Developer";
				COPY_PHASE_STRIP = YES;
				CURRENT_PROJECT_VERSION = 1;
				ENABLE_NS_ASSERTIONS = NO;
				ENABLE_STRICT_OBJC_MSGSEND = YES;
				GCC_C_LANGUAGE_STANDARD = gnu99;
				GCC_WARN_64_TO_32_BIT_CONVERSION = YES;
				GCC_WARN_ABOUT_RETURN_TYPE = YES_ERROR;
				GCC_WARN_UNDECLARED_SELECTOR = YES;
				GCC_WARN_UNINITIALIZED_AUTOS = YES_AGGRESSIVE;
				GCC_WARN_UNUSED_FUNCTION = YES;
				GCC_WARN_UNUSED_VARIABLE = YES;
				IPHONEOS_DEPLOYMENT_TARGET = 8.1;
				MTL_ENABLE_DEBUG_INFO = NO;
				SDKROOT = iphoneos;
				TARGETED_DEVICE_FAMILY = "1,2";
				VALIDATE_PRODUCT = YES;
				VERSIONING_SYSTEM = "apple-generic";
				VERSION_INFO_PREFIX = "";
			};
			name = Release;
		};
		1687F4061A16814E0014AAC7 /* Debug */ = {
			isa = XCBuildConfiguration;
			buildSettings = {
				CLANG_ENABLE_MODULES = YES;
				CLANG_STATIC_ANALYZER_MODE = deep;
				CODE_SIGN_IDENTITY = "iPhone Developer";
				"CODE_SIGN_IDENTITY[sdk=iphoneos*]" = "iPhone Developer";
				DEFINES_MODULE = YES;
				DYLIB_COMPATIBILITY_VERSION = 1;
				DYLIB_CURRENT_VERSION = 1;
				DYLIB_INSTALL_NAME_BASE = "@rpath";
				INFOPLIST_FILE = Info.plist;
				INSTALL_PATH = "$(LOCAL_LIBRARY_DIR)/Frameworks";
				LD_RUNPATH_SEARCH_PATHS = "$(inherited) @executable_path/Frameworks @loader_path/Frameworks";
				OTHER_CFLAGS = (
					"-Wall",
					"-Werror",
				);
				PRODUCT_NAME = Braintree;
				RUN_CLANG_STATIC_ANALYZER = YES;
				SKIP_INSTALL = YES;
				SWIFT_OPTIMIZATION_LEVEL = "-Onone";
			};
			name = Debug;
		};
		1687F4071A16814E0014AAC7 /* Release */ = {
			isa = XCBuildConfiguration;
			buildSettings = {
				CLANG_ENABLE_MODULES = YES;
				CLANG_STATIC_ANALYZER_MODE = deep;
				CODE_SIGN_IDENTITY = "iPhone Developer";
				"CODE_SIGN_IDENTITY[sdk=iphoneos*]" = "iPhone Developer";
				DEFINES_MODULE = YES;
				DYLIB_COMPATIBILITY_VERSION = 1;
				DYLIB_CURRENT_VERSION = 1;
				DYLIB_INSTALL_NAME_BASE = "@rpath";
				INFOPLIST_FILE = Info.plist;
				INSTALL_PATH = "$(LOCAL_LIBRARY_DIR)/Frameworks";
				LD_RUNPATH_SEARCH_PATHS = "$(inherited) @executable_path/Frameworks @loader_path/Frameworks";
				OTHER_CFLAGS = (
					"-Wall",
					"-Werror",
				);
				PRODUCT_NAME = Braintree;
				RUN_CLANG_STATIC_ANALYZER = YES;
				SKIP_INSTALL = YES;
			};
			name = Release;
		};
		16A1A8C61A1699B10051FABA /* Debug */ = {
			isa = XCBuildConfiguration;
			buildSettings = {
				ASSETCATALOG_COMPILER_APPICON_NAME = AppIcon;
				CODE_SIGN_ENTITLEMENTS = "Braintree-Example-iOS.entitlements";
				CODE_SIGN_IDENTITY = "iPhone Developer";
				"CODE_SIGN_IDENTITY[sdk=iphoneos*]" = "iPhone Developer";
				EMBEDDED_CONTENT_CONTAINS_SWIFT = YES;
				GCC_PREPROCESSOR_DEFINITIONS = (
					"DEBUG=1",
					"$(inherited)",
				);
				INFOPLIST_FILE = "$(SRCROOT)/Example-iOS/Info.plist";
				LD_RUNPATH_SEARCH_PATHS = "$(inherited) @executable_path/Frameworks";
				PRODUCT_NAME = "Braintree-Example-iOS";
				PROVISIONING_PROFILE = "";
			};
			name = Debug;
		};
		16A1A8C71A1699B10051FABA /* Release */ = {
			isa = XCBuildConfiguration;
			buildSettings = {
				ASSETCATALOG_COMPILER_APPICON_NAME = AppIcon;
				CODE_SIGN_ENTITLEMENTS = "Braintree-Example-iOS.entitlements";
				CODE_SIGN_IDENTITY = "iPhone Developer";
				"CODE_SIGN_IDENTITY[sdk=iphoneos*]" = "iPhone Developer";
				EMBEDDED_CONTENT_CONTAINS_SWIFT = YES;
				INFOPLIST_FILE = "$(SRCROOT)/Example-iOS/Info.plist";
				LD_RUNPATH_SEARCH_PATHS = "$(inherited) @executable_path/Frameworks";
				PRODUCT_NAME = "Braintree-Example-iOS";
				PROVISIONING_PROFILE = "";
			};
			name = Release;
		};
		16D81C031A1718F700E47410 /* Debug */ = {
			isa = XCBuildConfiguration;
			buildSettings = {
				ASSETCATALOG_COMPILER_APPICON_NAME = AppIcon;
				CODE_SIGN_ENTITLEMENTS = "Braintree-Example-OSX.entitlements";
				CODE_SIGN_IDENTITY = "-";
				COMBINE_HIDPI_IMAGES = YES;
				GCC_PREPROCESSOR_DEFINITIONS = (
					"DEBUG=1",
					"$(inherited)",
				);
				INFOPLIST_FILE = "Example-OSX/Info.plist";
				LD_RUNPATH_SEARCH_PATHS = "$(inherited) @executable_path/../Frameworks";
				MACOSX_DEPLOYMENT_TARGET = 10.10;
				PRODUCT_NAME = "$(TARGET_NAME)";
				SDKROOT = macosx;
			};
			name = Debug;
		};
		16D81C041A1718F700E47410 /* Release */ = {
			isa = XCBuildConfiguration;
			buildSettings = {
				ASSETCATALOG_COMPILER_APPICON_NAME = AppIcon;
				CODE_SIGN_ENTITLEMENTS = "Braintree-Example-OSX.entitlements";
				CODE_SIGN_IDENTITY = "-";
				COMBINE_HIDPI_IMAGES = YES;
				DEBUG_INFORMATION_FORMAT = "dwarf-with-dsym";
				INFOPLIST_FILE = "Example-OSX/Info.plist";
				LD_RUNPATH_SEARCH_PATHS = "$(inherited) @executable_path/../Frameworks";
				MACOSX_DEPLOYMENT_TARGET = 10.10;
				PRODUCT_NAME = "$(TARGET_NAME)";
				SDKROOT = macosx;
			};
			name = Release;
		};
		16D81C2B1A171A8F00E47410 /* Debug */ = {
			isa = XCBuildConfiguration;
			buildSettings = {
				CODE_SIGN_IDENTITY = "Mac Developer";
				COMBINE_HIDPI_IMAGES = YES;
				DEFINES_MODULE = YES;
				DYLIB_COMPATIBILITY_VERSION = 1;
				DYLIB_CURRENT_VERSION = 1;
				DYLIB_INSTALL_NAME_BASE = "@rpath";
				FRAMEWORK_VERSION = A;
				GCC_PREPROCESSOR_DEFINITIONS = (
					"DEBUG=1",
					"$(inherited)",
				);
				INFOPLIST_FILE = "$(SRCROOT)/Info.plist";
				INSTALL_PATH = "$(LOCAL_LIBRARY_DIR)/Frameworks";
				LD_RUNPATH_SEARCH_PATHS = "$(inherited) @executable_path/../Frameworks @loader_path/Frameworks";
				MACOSX_DEPLOYMENT_TARGET = 10.10;
				PRODUCT_NAME = Braintree;
				SDKROOT = macosx;
				SKIP_INSTALL = YES;
			};
			name = Debug;
		};
		16D81C2C1A171A8F00E47410 /* Release */ = {
			isa = XCBuildConfiguration;
			buildSettings = {
				CODE_SIGN_IDENTITY = "3rd Party Mac Developer Application";
				COMBINE_HIDPI_IMAGES = YES;
				DEBUG_INFORMATION_FORMAT = "dwarf-with-dsym";
				DEFINES_MODULE = YES;
				DYLIB_COMPATIBILITY_VERSION = 1;
				DYLIB_CURRENT_VERSION = 1;
				DYLIB_INSTALL_NAME_BASE = "@rpath";
				FRAMEWORK_VERSION = A;
				INFOPLIST_FILE = "$(SRCROOT)/Info.plist";
				INSTALL_PATH = "$(LOCAL_LIBRARY_DIR)/Frameworks";
				LD_RUNPATH_SEARCH_PATHS = "$(inherited) @executable_path/../Frameworks @loader_path/Frameworks";
				MACOSX_DEPLOYMENT_TARGET = 10.10;
				PRODUCT_NAME = Braintree;
				SDKROOT = macosx;
				SKIP_INSTALL = YES;
			};
			name = Release;
		};
/* End XCBuildConfiguration section */

/* Begin XCConfigurationList section */
		1687F3E91A16814E0014AAC7 /* Build configuration list for PBXProject "Braintree-Swift" */ = {
			isa = XCConfigurationList;
			buildConfigurations = (
				1687F4031A16814E0014AAC7 /* Debug */,
				1687F4041A16814E0014AAC7 /* Release */,
			);
			defaultConfigurationIsVisible = 0;
			defaultConfigurationName = Release;
		};
		1687F4051A16814E0014AAC7 /* Build configuration list for PBXNativeTarget "Braintree-Swift" */ = {
			isa = XCConfigurationList;
			buildConfigurations = (
				1687F4061A16814E0014AAC7 /* Debug */,
				1687F4071A16814E0014AAC7 /* Release */,
			);
			defaultConfigurationIsVisible = 0;
			defaultConfigurationName = Release;
		};
		16A1A8CA1A1699B10051FABA /* Build configuration list for PBXNativeTarget "Braintree-Example-iOS" */ = {
			isa = XCConfigurationList;
			buildConfigurations = (
				16A1A8C61A1699B10051FABA /* Debug */,
				16A1A8C71A1699B10051FABA /* Release */,
			);
			defaultConfigurationIsVisible = 0;
			defaultConfigurationName = Release;
		};
		16D81C021A1718F700E47410 /* Build configuration list for PBXNativeTarget "Braintree-Example-OSX" */ = {
			isa = XCConfigurationList;
			buildConfigurations = (
				16D81C031A1718F700E47410 /* Debug */,
				16D81C041A1718F700E47410 /* Release */,
			);
			defaultConfigurationIsVisible = 0;
			defaultConfigurationName = Release;
		};
		16D81C2A1A171A8F00E47410 /* Build configuration list for PBXNativeTarget "Braintre-Swift-OSX" */ = {
			isa = XCConfigurationList;
			buildConfigurations = (
				16D81C2B1A171A8F00E47410 /* Debug */,
				16D81C2C1A171A8F00E47410 /* Release */,
			);
			defaultConfigurationIsVisible = 0;
			defaultConfigurationName = Release;
		};
/* End XCConfigurationList section */
	};
	rootObject = 1687F3E61A16814E0014AAC7 /* Project object */;
}
