// !$*UTF8*$!
{
	archiveVersion = 1;
	classes = {
	};
	objectVersion = 46;
	objects = {

/* Begin PBXBuildFile section */
		1687F40C1A16819C0014AAC7 /* Braintree.swift in Sources */ = {isa = PBXBuildFile; fileRef = 1687F40B1A16819C0014AAC7 /* Braintree.swift */; };
		16A1A8AF1A1699B00051FABA /* AppDelegate.swift in Sources */ = {isa = PBXBuildFile; fileRef = 16A1A8AE1A1699B00051FABA /* AppDelegate.swift */; };
		16A1A8B11A1699B00051FABA /* ViewController.swift in Sources */ = {isa = PBXBuildFile; fileRef = 16A1A8B01A1699B00051FABA /* ViewController.swift */; };
		16A1A8B41A1699B00051FABA /* Main.storyboard in Resources */ = {isa = PBXBuildFile; fileRef = 16A1A8B21A1699B00051FABA /* Main.storyboard */; };
		16A1A8B61A1699B00051FABA /* Images.xcassets in Resources */ = {isa = PBXBuildFile; fileRef = 16A1A8B51A1699B00051FABA /* Images.xcassets */; };
		16A1A8B91A1699B00051FABA /* LaunchScreen.xib in Resources */ = {isa = PBXBuildFile; fileRef = 16A1A8B71A1699B00051FABA /* LaunchScreen.xib */; };
		16A1A8CE1A1699C60051FABA /* Braintree.framework in Frameworks */ = {isa = PBXBuildFile; fileRef = 1687F3EF1A16814E0014AAC7 /* Braintree.framework */; };
/* End PBXBuildFile section */

/* Begin PBXContainerItemProxy section */
		16D81BE31A17167900E47410 /* PBXContainerItemProxy */ = {
			isa = PBXContainerItemProxy;
			containerPortal = 1687F3E61A16814E0014AAC7 /* Project object */;
			proxyType = 1;
			remoteGlobalIDString = 1687F3EE1A16814E0014AAC7;
			remoteInfo = "Braintree-Swift";
		};
/* End PBXContainerItemProxy section */

/* Begin PBXFileReference section */
		1687F3EF1A16814E0014AAC7 /* Braintree.framework */ = {isa = PBXFileReference; explicitFileType = wrapper.framework; includeInIndex = 0; path = Braintree.framework; sourceTree = BUILT_PRODUCTS_DIR; };
		1687F3F31A16814E0014AAC7 /* Info.plist */ = {isa = PBXFileReference; lastKnownFileType = text.plist.xml; path = Info.plist; sourceTree = "<group>"; };
		1687F40B1A16819C0014AAC7 /* Braintree.swift */ = {isa = PBXFileReference; fileEncoding = 4; lastKnownFileType = sourcecode.swift; path = Braintree.swift; sourceTree = "<group>"; };
		1687F40D1A1683130014AAC7 /* BraintreeUsage.playground */ = {isa = PBXFileReference; lastKnownFileType = file.playground; path = BraintreeUsage.playground; sourceTree = SOURCE_ROOT; };
		16A1A8AA1A1699B00051FABA /* BraintreeExample.app */ = {isa = PBXFileReference; explicitFileType = wrapper.application; includeInIndex = 0; path = BraintreeExample.app; sourceTree = BUILT_PRODUCTS_DIR; };
		16A1A8AD1A1699B00051FABA /* Info.plist */ = {isa = PBXFileReference; lastKnownFileType = text.plist.xml; path = Info.plist; sourceTree = "<group>"; };
		16A1A8AE1A1699B00051FABA /* AppDelegate.swift */ = {isa = PBXFileReference; lastKnownFileType = sourcecode.swift; path = AppDelegate.swift; sourceTree = "<group>"; };
		16A1A8B01A1699B00051FABA /* ViewController.swift */ = {isa = PBXFileReference; lastKnownFileType = sourcecode.swift; path = ViewController.swift; sourceTree = "<group>"; };
		16A1A8B31A1699B00051FABA /* Base */ = {isa = PBXFileReference; lastKnownFileType = file.storyboard; name = Base; path = Base.lproj/Main.storyboard; sourceTree = "<group>"; };
		16A1A8B51A1699B00051FABA /* Images.xcassets */ = {isa = PBXFileReference; lastKnownFileType = folder.assetcatalog; path = Images.xcassets; sourceTree = "<group>"; };
		16A1A8B81A1699B00051FABA /* Base */ = {isa = PBXFileReference; lastKnownFileType = file.xib; name = Base; path = Base.lproj/LaunchScreen.xib; sourceTree = "<group>"; };
		16D81BE11A17119100E47410 /* README.md */ = {isa = PBXFileReference; fileEncoding = 4; lastKnownFileType = net.daringfireball.markdown; path = README.md; sourceTree = "<group>"; };
/* End PBXFileReference section */

/* Begin PBXFrameworksBuildPhase section */
		1687F3EB1A16814E0014AAC7 /* Frameworks */ = {
			isa = PBXFrameworksBuildPhase;
			buildActionMask = 2147483647;
			files = (
			);
			runOnlyForDeploymentPostprocessing = 0;
		};
		16A1A8A71A1699B00051FABA /* Frameworks */ = {
			isa = PBXFrameworksBuildPhase;
			buildActionMask = 2147483647;
			files = (
				16A1A8CE1A1699C60051FABA /* Braintree.framework in Frameworks */,
			);
			runOnlyForDeploymentPostprocessing = 0;
		};
/* End PBXFrameworksBuildPhase section */

/* Begin PBXGroup section */
		1687F3E51A16814E0014AAC7 = {
			isa = PBXGroup;
			children = (
				16D81BE11A17119100E47410 /* README.md */,
				1687F40B1A16819C0014AAC7 /* Braintree.swift */,
				1687F40D1A1683130014AAC7 /* BraintreeUsage.playground */,
				16A1A8AB1A1699B00051FABA /* Example-iOS */,
				1687F3F21A16814E0014AAC7 /* Supporting Files */,
				1687F3F01A16814E0014AAC7 /* Products */,
			);
			sourceTree = "<group>";
		};
		1687F3F01A16814E0014AAC7 /* Products */ = {
			isa = PBXGroup;
			children = (
				1687F3EF1A16814E0014AAC7 /* Braintree.framework */,
				16A1A8AA1A1699B00051FABA /* BraintreeExample.app */,
			);
			name = Products;
			sourceTree = "<group>";
		};
		1687F3F21A16814E0014AAC7 /* Supporting Files */ = {
			isa = PBXGroup;
			children = (
				1687F3F31A16814E0014AAC7 /* Info.plist */,
			);
			name = "Supporting Files";
			path = .;
			sourceTree = "<group>";
		};
		16A1A8AB1A1699B00051FABA /* Example-iOS */ = {
			isa = PBXGroup;
			children = (
				16A1A8AE1A1699B00051FABA /* AppDelegate.swift */,
				16A1A8B01A1699B00051FABA /* ViewController.swift */,
				16A1A8B21A1699B00051FABA /* Main.storyboard */,
				16A1A8B51A1699B00051FABA /* Images.xcassets */,
				16A1A8B71A1699B00051FABA /* LaunchScreen.xib */,
				16A1A8AC1A1699B00051FABA /* Supporting Files */,
			);
			path = "Example-iOS";
			sourceTree = "<group>";
		};
		16A1A8AC1A1699B00051FABA /* Supporting Files */ = {
			isa = PBXGroup;
			children = (
				16A1A8AD1A1699B00051FABA /* Info.plist */,
			);
			name = "Supporting Files";
			sourceTree = "<group>";
		};
/* End PBXGroup section */

/* Begin PBXHeadersBuildPhase section */
		1687F3EC1A16814E0014AAC7 /* Headers */ = {
			isa = PBXHeadersBuildPhase;
			buildActionMask = 2147483647;
			files = (
			);
			runOnlyForDeploymentPostprocessing = 0;
		};
/* End PBXHeadersBuildPhase section */

/* Begin PBXNativeTarget section */
		1687F3EE1A16814E0014AAC7 /* Braintree-Swift */ = {
			isa = PBXNativeTarget;
			buildConfigurationList = 1687F4051A16814E0014AAC7 /* Build configuration list for PBXNativeTarget "Braintree-Swift" */;
			buildPhases = (
				1687F3EA1A16814E0014AAC7 /* Sources */,
				1687F3EB1A16814E0014AAC7 /* Frameworks */,
				1687F3EC1A16814E0014AAC7 /* Headers */,
				1687F3ED1A16814E0014AAC7 /* Resources */,
			);
			buildRules = (
			);
			dependencies = (
			);
			name = "Braintree-Swift";
			productName = "braintree-swift";
			productReference = 1687F3EF1A16814E0014AAC7 /* Braintree.framework */;
			productType = "com.apple.product-type.framework";
		};
		16A1A8A91A1699B00051FABA /* BraintreeExample */ = {
			isa = PBXNativeTarget;
			buildConfigurationList = 16A1A8CA1A1699B10051FABA /* Build configuration list for PBXNativeTarget "BraintreeExample" */;
			buildPhases = (
				16A1A8A61A1699B00051FABA /* Sources */,
				16A1A8A71A1699B00051FABA /* Frameworks */,
				16A1A8A81A1699B00051FABA /* Resources */,
			);
			buildRules = (
			);
			dependencies = (
				16D81BE41A17167900E47410 /* PBXTargetDependency */,
			);
			name = BraintreeExample;
			productName = BraintreeExample;
			productReference = 16A1A8AA1A1699B00051FABA /* BraintreeExample.app */;
			productType = "com.apple.product-type.application";
		};
/* End PBXNativeTarget section */

/* Begin PBXProject section */
		1687F3E61A16814E0014AAC7 /* Project object */ = {
			isa = PBXProject;
			attributes = {
				LastUpgradeCheck = 0610;
				ORGANIZATIONNAME = Braintree;
				TargetAttributes = {
					1687F3EE1A16814E0014AAC7 = {
						CreatedOnToolsVersion = 6.1;
					};
					16A1A8A91A1699B00051FABA = {
						CreatedOnToolsVersion = 6.1;
					};
				};
			};
			buildConfigurationList = 1687F3E91A16814E0014AAC7 /* Build configuration list for PBXProject "Braintree-Swift" */;
			compatibilityVersion = "Xcode 3.2";
			developmentRegion = English;
			hasScannedForEncodings = 0;
			knownRegions = (
				en,
				Base,
			);
			mainGroup = 1687F3E51A16814E0014AAC7;
			productRefGroup = 1687F3F01A16814E0014AAC7 /* Products */;
			projectDirPath = "";
			projectRoot = "";
			targets = (
				1687F3EE1A16814E0014AAC7 /* Braintree-Swift */,
				16A1A8A91A1699B00051FABA /* BraintreeExample */,
			);
		};
/* End PBXProject section */

/* Begin PBXResourcesBuildPhase section */
		1687F3ED1A16814E0014AAC7 /* Resources */ = {
			isa = PBXResourcesBuildPhase;
			buildActionMask = 2147483647;
			files = (
			);
			runOnlyForDeploymentPostprocessing = 0;
		};
		16A1A8A81A1699B00051FABA /* Resources */ = {
			isa = PBXResourcesBuildPhase;
			buildActionMask = 2147483647;
			files = (
				16A1A8B41A1699B00051FABA /* Main.storyboard in Resources */,
				16A1A8B91A1699B00051FABA /* LaunchScreen.xib in Resources */,
				16A1A8B61A1699B00051FABA /* Images.xcassets in Resources */,
			);
			runOnlyForDeploymentPostprocessing = 0;
		};
/* End PBXResourcesBuildPhase section */

/* Begin PBXSourcesBuildPhase section */
		1687F3EA1A16814E0014AAC7 /* Sources */ = {
			isa = PBXSourcesBuildPhase;
			buildActionMask = 2147483647;
			files = (
				1687F40C1A16819C0014AAC7 /* Braintree.swift in Sources */,
			);
			runOnlyForDeploymentPostprocessing = 0;
		};
		16A1A8A61A1699B00051FABA /* Sources */ = {
			isa = PBXSourcesBuildPhase;
			buildActionMask = 2147483647;
			files = (
				16A1A8B11A1699B00051FABA /* ViewController.swift in Sources */,
				16A1A8AF1A1699B00051FABA /* AppDelegate.swift in Sources */,
			);
			runOnlyForDeploymentPostprocessing = 0;
		};
/* End PBXSourcesBuildPhase section */

/* Begin PBXTargetDependency section */
		16D81BE41A17167900E47410 /* PBXTargetDependency */ = {
			isa = PBXTargetDependency;
			target = 1687F3EE1A16814E0014AAC7 /* Braintree-Swift */;
			targetProxy = 16D81BE31A17167900E47410 /* PBXContainerItemProxy */;
		};
/* End PBXTargetDependency section */

/* Begin PBXVariantGroup section */
		16A1A8B21A1699B00051FABA /* Main.storyboard */ = {
			isa = PBXVariantGroup;
			children = (
				16A1A8B31A1699B00051FABA /* Base */,
			);
			name = Main.storyboard;
			sourceTree = "<group>";
		};
		16A1A8B71A1699B00051FABA /* LaunchScreen.xib */ = {
			isa = PBXVariantGroup;
			children = (
				16A1A8B81A1699B00051FABA /* Base */,
			);
			name = LaunchScreen.xib;
			sourceTree = "<group>";
		};
/* End PBXVariantGroup section */

/* Begin XCBuildConfiguration section */
		1687F4031A16814E0014AAC7 /* Debug */ = {
			isa = XCBuildConfiguration;
			buildSettings = {
				ALWAYS_SEARCH_USER_PATHS = NO;
				CLANG_CXX_LANGUAGE_STANDARD = "gnu++0x";
				CLANG_CXX_LIBRARY = "libc++";
				CLANG_ENABLE_MODULES = YES;
				CLANG_ENABLE_OBJC_ARC = YES;
				CLANG_WARN_BOOL_CONVERSION = YES;
				CLANG_WARN_CONSTANT_CONVERSION = YES;
				CLANG_WARN_DIRECT_OBJC_ISA_USAGE = YES_ERROR;
				CLANG_WARN_EMPTY_BODY = YES;
				CLANG_WARN_ENUM_CONVERSION = YES;
				CLANG_WARN_INT_CONVERSION = YES;
				CLANG_WARN_OBJC_ROOT_CLASS = YES_ERROR;
				CLANG_WARN_UNREACHABLE_CODE = YES;
				CLANG_WARN__DUPLICATE_METHOD_MATCH = YES;
				"CODE_SIGN_IDENTITY[sdk=iphoneos*]" = "iPhone Developer";
				COPY_PHASE_STRIP = NO;
				CURRENT_PROJECT_VERSION = 1;
				ENABLE_STRICT_OBJC_MSGSEND = YES;
				GCC_C_LANGUAGE_STANDARD = gnu99;
				GCC_DYNAMIC_NO_PIC = NO;
				GCC_OPTIMIZATION_LEVEL = 0;
				GCC_PREPROCESSOR_DEFINITIONS = (
					"DEBUG=1",
					"$(inherited)",
				);
				GCC_SYMBOLS_PRIVATE_EXTERN = NO;
				GCC_WARN_64_TO_32_BIT_CONVERSION = YES;
				GCC_WARN_ABOUT_RETURN_TYPE = YES_ERROR;
				GCC_WARN_UNDECLARED_SELECTOR = YES;
				GCC_WARN_UNINITIALIZED_AUTOS = YES_AGGRESSIVE;
				GCC_WARN_UNUSED_FUNCTION = YES;
				GCC_WARN_UNUSED_VARIABLE = YES;
				IPHONEOS_DEPLOYMENT_TARGET = 8.1;
				MTL_ENABLE_DEBUG_INFO = YES;
				ONLY_ACTIVE_ARCH = YES;
				SDKROOT = iphoneos;
				SWIFT_OPTIMIZATION_LEVEL = "-Onone";
				TARGETED_DEVICE_FAMILY = "1,2";
				VERSIONING_SYSTEM = "apple-generic";
				VERSION_INFO_PREFIX = "";
			};
			name = Debug;
		};
		1687F4041A16814E0014AAC7 /* Release */ = {
			isa = XCBuildConfiguration;
			buildSettings = {
				ALWAYS_SEARCH_USER_PATHS = NO;
				CLANG_CXX_LANGUAGE_STANDARD = "gnu++0x";
				CLANG_CXX_LIBRARY = "libc++";
				CLANG_ENABLE_MODULES = YES;
				CLANG_ENABLE_OBJC_ARC = YES;
				CLANG_WARN_BOOL_CONVERSION = YES;
				CLANG_WARN_CONSTANT_CONVERSION = YES;
				CLANG_WARN_DIRECT_OBJC_ISA_USAGE = YES_ERROR;
				CLANG_WARN_EMPTY_BODY = YES;
				CLANG_WARN_ENUM_CONVERSION = YES;
				CLANG_WARN_INT_CONVERSION = YES;
				CLANG_WARN_OBJC_ROOT_CLASS = YES_ERROR;
				CLANG_WARN_UNREACHABLE_CODE = YES;
				CLANG_WARN__DUPLICATE_METHOD_MATCH = YES;
				"CODE_SIGN_IDENTITY[sdk=iphoneos*]" = "iPhone Developer";
				COPY_PHASE_STRIP = YES;
				CURRENT_PROJECT_VERSION = 1;
				ENABLE_NS_ASSERTIONS = NO;
				ENABLE_STRICT_OBJC_MSGSEND = YES;
				GCC_C_LANGUAGE_STANDARD = gnu99;
				GCC_WARN_64_TO_32_BIT_CONVERSION = YES;
				GCC_WARN_ABOUT_RETURN_TYPE = YES_ERROR;
				GCC_WARN_UNDECLARED_SELECTOR = YES;
				GCC_WARN_UNINITIALIZED_AUTOS = YES_AGGRESSIVE;
				GCC_WARN_UNUSED_FUNCTION = YES;
				GCC_WARN_UNUSED_VARIABLE = YES;
				IPHONEOS_DEPLOYMENT_TARGET = 8.1;
				MTL_ENABLE_DEBUG_INFO = NO;
				SDKROOT = iphoneos;
				TARGETED_DEVICE_FAMILY = "1,2";
				VALIDATE_PRODUCT = YES;
				VERSIONING_SYSTEM = "apple-generic";
				VERSION_INFO_PREFIX = "";
			};
			name = Release;
		};
		1687F4061A16814E0014AAC7 /* Debug */ = {
			isa = XCBuildConfiguration;
			buildSettings = {
				CLANG_ENABLE_MODULES = YES;
				DEFINES_MODULE = YES;
				DYLIB_COMPATIBILITY_VERSION = 1;
				DYLIB_CURRENT_VERSION = 1;
				DYLIB_INSTALL_NAME_BASE = "@rpath";
				INFOPLIST_FILE = Info.plist;
				INSTALL_PATH = "$(LOCAL_LIBRARY_DIR)/Frameworks";
				LD_RUNPATH_SEARCH_PATHS = "$(inherited) @executable_path/Frameworks @loader_path/Frameworks";
				PRODUCT_NAME = Braintree;
				SKIP_INSTALL = YES;
				SWIFT_OPTIMIZATION_LEVEL = "-Onone";
			};
			name = Debug;
		};
		1687F4071A16814E0014AAC7 /* Release */ = {
			isa = XCBuildConfiguration;
			buildSettings = {
				CLANG_ENABLE_MODULES = YES;
				DEFINES_MODULE = YES;
				DYLIB_COMPATIBILITY_VERSION = 1;
				DYLIB_CURRENT_VERSION = 1;
				DYLIB_INSTALL_NAME_BASE = "@rpath";
				INFOPLIST_FILE = Info.plist;
				INSTALL_PATH = "$(LOCAL_LIBRARY_DIR)/Frameworks";
				LD_RUNPATH_SEARCH_PATHS = "$(inherited) @executable_path/Frameworks @loader_path/Frameworks";
				PRODUCT_NAME = Braintree;
				SKIP_INSTALL = YES;
			};
			name = Release;
		};
		16A1A8C61A1699B10051FABA /* Debug */ = {
			isa = XCBuildConfiguration;
			buildSettings = {
				ASSETCATALOG_COMPILER_APPICON_NAME = AppIcon;
				GCC_PREPROCESSOR_DEFINITIONS = (
					"DEBUG=1",
					"$(inherited)",
				);
				INFOPLIST_FILE = "$(SRCROOT)/Example-iOS/Info.plist";
				LD_RUNPATH_SEARCH_PATHS = "$(inherited) @executable_path/Frameworks";
				PRODUCT_NAME = "$(TARGET_NAME)";
			};
			name = Debug;
		};
		16A1A8C71A1699B10051FABA /* Release */ = {
			isa = XCBuildConfiguration;
			buildSettings = {
				ASSETCATALOG_COMPILER_APPICON_NAME = AppIcon;
				INFOPLIST_FILE = "$(SRCROOT)/Example-iOS/Info.plist";
				LD_RUNPATH_SEARCH_PATHS = "$(inherited) @executable_path/Frameworks";
				PRODUCT_NAME = "$(TARGET_NAME)";
			};
			name = Release;
		};
/* End XCBuildConfiguration section */

/* Begin XCConfigurationList section */
		1687F3E91A16814E0014AAC7 /* Build configuration list for PBXProject "Braintree-Swift" */ = {
			isa = XCConfigurationList;
			buildConfigurations = (
				1687F4031A16814E0014AAC7 /* Debug */,
				1687F4041A16814E0014AAC7 /* Release */,
			);
			defaultConfigurationIsVisible = 0;
			defaultConfigurationName = Release;
		};
		1687F4051A16814E0014AAC7 /* Build configuration list for PBXNativeTarget "Braintree-Swift" */ = {
			isa = XCConfigurationList;
			buildConfigurations = (
				1687F4061A16814E0014AAC7 /* Debug */,
				1687F4071A16814E0014AAC7 /* Release */,
			);
			defaultConfigurationIsVisible = 0;
			defaultConfigurationName = Release;
		};
		16A1A8CA1A1699B10051FABA /* Build configuration list for PBXNativeTarget "BraintreeExample" */ = {
			isa = XCConfigurationList;
			buildConfigurations = (
				16A1A8C61A1699B10051FABA /* Debug */,
				16A1A8C71A1699B10051FABA /* Release */,
			);
			defaultConfigurationIsVisible = 0;
			defaultConfigurationName = Release;
		};
/* End XCConfigurationList section */
	};
	rootObject = 1687F3E61A16814E0014AAC7 /* Project object */;
}
